// !$*UTF8*$!
{
	archiveVersion = 1;
	classes = {
	};
	objectVersion = 46;
	objects = {

/* Begin PBXBuildFile section */
		29CB695A1C0643A300370DA0 /* AppDelegate.swift in Sources */ = {isa = PBXBuildFile; fileRef = 29CB69591C0643A300370DA0 /* AppDelegate.swift */; };
		29CB695C1C0643A300370DA0 /* ViewController.swift in Sources */ = {isa = PBXBuildFile; fileRef = 29CB695B1C0643A300370DA0 /* ViewController.swift */; };
		29CB695F1C0643A300370DA0 /* Main.storyboard in Resources */ = {isa = PBXBuildFile; fileRef = 29CB695D1C0643A300370DA0 /* Main.storyboard */; };
		29CB69611C0643A300370DA0 /* Assets.xcassets in Resources */ = {isa = PBXBuildFile; fileRef = 29CB69601C0643A300370DA0 /* Assets.xcassets */; };
		29CB69641C0643A300370DA0 /* LaunchScreen.storyboard in Resources */ = {isa = PBXBuildFile; fileRef = 29CB69621C0643A300370DA0 /* LaunchScreen.storyboard */; };
		29CB696F1C0643A300370DA0 /* FloatingMenuHeadsTests.swift in Sources */ = {isa = PBXBuildFile; fileRef = 29CB696E1C0643A300370DA0 /* FloatingMenuHeadsTests.swift */; };
/* End PBXBuildFile section */

/* Begin PBXContainerItemProxy section */
		29CB696B1C0643A300370DA0 /* PBXContainerItemProxy */ = {
			isa = PBXContainerItemProxy;
			containerPortal = 29CB694E1C0643A300370DA0 /* Project object */;
			proxyType = 1;
			remoteGlobalIDString = 29CB69551C0643A300370DA0;
			remoteInfo = FloatingMenuHeads;
		};
/* End PBXContainerItemProxy section */

/* Begin PBXFileReference section */
		29CB69561C0643A300370DA0 /* FloatingMenuHeads.app */ = {isa = PBXFileReference; explicitFileType = wrapper.application; includeInIndex = 0; path = FloatingMenuHeads.app; sourceTree = BUILT_PRODUCTS_DIR; };
		29CB69591C0643A300370DA0 /* AppDelegate.swift */ = {isa = PBXFileReference; lastKnownFileType = sourcecode.swift; path = AppDelegate.swift; sourceTree = "<group>"; };
		29CB695B1C0643A300370DA0 /* ViewController.swift */ = {isa = PBXFileReference; lastKnownFileType = sourcecode.swift; path = ViewController.swift; sourceTree = "<group>"; };
		29CB695E1C0643A300370DA0 /* Base */ = {isa = PBXFileReference; lastKnownFileType = file.storyboard; name = Base; path = Base.lproj/Main.storyboard; sourceTree = "<group>"; };
		29CB69601C0643A300370DA0 /* Assets.xcassets */ = {isa = PBXFileReference; lastKnownFileType = folder.assetcatalog; path = Assets.xcassets; sourceTree = "<group>"; };
		29CB69631C0643A300370DA0 /* Base */ = {isa = PBXFileReference; lastKnownFileType = file.storyboard; name = Base; path = Base.lproj/LaunchScreen.storyboard; sourceTree = "<group>"; };
		29CB69651C0643A300370DA0 /* Info.plist */ = {isa = PBXFileReference; lastKnownFileType = text.plist.xml; path = Info.plist; sourceTree = "<group>"; };
		29CB696A1C0643A300370DA0 /* FloatingMenuHeadsTests.xctest */ = {isa = PBXFileReference; explicitFileType = wrapper.cfbundle; includeInIndex = 0; path = FloatingMenuHeadsTests.xctest; sourceTree = BUILT_PRODUCTS_DIR; };
		29CB696E1C0643A300370DA0 /* FloatingMenuHeadsTests.swift */ = {isa = PBXFileReference; lastKnownFileType = sourcecode.swift; path = FloatingMenuHeadsTests.swift; sourceTree = "<group>"; };
		29CB69701C0643A300370DA0 /* Info.plist */ = {isa = PBXFileReference; lastKnownFileType = text.plist.xml; path = Info.plist; sourceTree = "<group>"; };
/* End PBXFileReference section */

/* Begin PBXFrameworksBuildPhase section */
		29CB69531C0643A300370DA0 /* Frameworks */ = {
			isa = PBXFrameworksBuildPhase;
			buildActionMask = 2147483647;
			files = (
			);
			runOnlyForDeploymentPostprocessing = 0;
		};
		29CB69671C0643A300370DA0 /* Frameworks */ = {
			isa = PBXFrameworksBuildPhase;
			buildActionMask = 2147483647;
			files = (
			);
			runOnlyForDeploymentPostprocessing = 0;
		};
/* End PBXFrameworksBuildPhase section */

/* Begin PBXGroup section */
		29CB694D1C0643A300370DA0 = {
			isa = PBXGroup;
			children = (
				29CB69581C0643A300370DA0 /* FloatingMenuHeads */,
				29CB696D1C0643A300370DA0 /* FloatingMenuHeadsTests */,
				29CB69571C0643A300370DA0 /* Products */,
			);
			sourceTree = "<group>";
		};
		29CB69571C0643A300370DA0 /* Products */ = {
			isa = PBXGroup;
			children = (
				29CB69561C0643A300370DA0 /* FloatingMenuHeads.app */,
				29CB696A1C0643A300370DA0 /* FloatingMenuHeadsTests.xctest */,
			);
			name = Products;
			sourceTree = "<group>";
		};
		29CB69581C0643A300370DA0 /* FloatingMenuHeads */ = {
			isa = PBXGroup;
			children = (
				29CB69591C0643A300370DA0 /* AppDelegate.swift */,
				29CB695B1C0643A300370DA0 /* ViewController.swift */,
				29CB695D1C0643A300370DA0 /* Main.storyboard */,
				29CB69601C0643A300370DA0 /* Assets.xcassets */,
				29CB69621C0643A300370DA0 /* LaunchScreen.storyboard */,
				29CB69651C0643A300370DA0 /* Info.plist */,
			);
			path = FloatingMenuHeads;
			sourceTree = "<group>";
		};
		29CB696D1C0643A300370DA0 /* FloatingMenuHeadsTests */ = {
			isa = PBXGroup;
			children = (
				29CB696E1C0643A300370DA0 /* FloatingMenuHeadsTests.swift */,
				29CB69701C0643A300370DA0 /* Info.plist */,
			);
			path = FloatingMenuHeadsTests;
			sourceTree = "<group>";
		};
/* End PBXGroup section */

/* Begin PBXNativeTarget section */
		29CB69551C0643A300370DA0 /* FloatingMenuHeads */ = {
			isa = PBXNativeTarget;
			buildConfigurationList = 29CB69731C0643A300370DA0 /* Build configuration list for PBXNativeTarget "FloatingMenuHeads" */;
			buildPhases = (
				29CB69521C0643A300370DA0 /* Sources */,
				29CB69531C0643A300370DA0 /* Frameworks */,
				29CB69541C0643A300370DA0 /* Resources */,
			);
			buildRules = (
			);
			dependencies = (
			);
			name = FloatingMenuHeads;
			productName = FloatingMenuHeads;
			productReference = 29CB69561C0643A300370DA0 /* FloatingMenuHeads.app */;
			productType = "com.apple.product-type.application";
		};
		29CB69691C0643A300370DA0 /* FloatingMenuHeadsTests */ = {
			isa = PBXNativeTarget;
			buildConfigurationList = 29CB69761C0643A300370DA0 /* Build configuration list for PBXNativeTarget "FloatingMenuHeadsTests" */;
			buildPhases = (
				29CB69661C0643A300370DA0 /* Sources */,
				29CB69671C0643A300370DA0 /* Frameworks */,
				29CB69681C0643A300370DA0 /* Resources */,
			);
			buildRules = (
			);
			dependencies = (
				29CB696C1C0643A300370DA0 /* PBXTargetDependency */,
			);
			name = FloatingMenuHeadsTests;
			productName = FloatingMenuHeadsTests;
			productReference = 29CB696A1C0643A300370DA0 /* FloatingMenuHeadsTests.xctest */;
			productType = "com.apple.product-type.bundle.unit-test";
		};
/* End PBXNativeTarget section */

/* Begin PBXProject section */
		29CB694E1C0643A300370DA0 /* Project object */ = {
			isa = PBXProject;
			attributes = {
				LastUpgradeCheck = 0700;
				ORGANIZATIONNAME = "Samer Rohani";
				TargetAttributes = {
					29CB69551C0643A300370DA0 = {
						CreatedOnToolsVersion = 7.0.1;
						DevelopmentTeam = Z38ALDX4R8;
					};
					29CB69691C0643A300370DA0 = {
						CreatedOnToolsVersion = 7.0.1;
						DevelopmentTeam = Z38ALDX4R8;
						TestTargetID = 29CB69551C0643A300370DA0;
					};
				};
			};
			buildConfigurationList = 29CB69511C0643A300370DA0 /* Build configuration list for PBXProject "FloatingMenuHeads" */;
			compatibilityVersion = "Xcode 3.2";
			developmentRegion = English;
			hasScannedForEncodings = 0;
			knownRegions = (
				en,
				Base,
			);
			mainGroup = 29CB694D1C0643A300370DA0;
			productRefGroup = 29CB69571C0643A300370DA0 /* Products */;
			projectDirPath = "";
			projectRoot = "";
			targets = (
				29CB69551C0643A300370DA0 /* FloatingMenuHeads */,
				29CB69691C0643A300370DA0 /* FloatingMenuHeadsTests */,
			);
		};
/* End PBXProject section */

/* Begin PBXResourcesBuildPhase section */
		29CB69541C0643A300370DA0 /* Resources */ = {
			isa = PBXResourcesBuildPhase;
			buildActionMask = 2147483647;
			files = (
				29CB69641C0643A300370DA0 /* LaunchScreen.storyboard in Resources */,
				29CB69611C0643A300370DA0 /* Assets.xcassets in Resources */,
				29CB695F1C0643A300370DA0 /* Main.storyboard in Resources */,
			);
			runOnlyForDeploymentPostprocessing = 0;
		};
		29CB69681C0643A300370DA0 /* Resources */ = {
			isa = PBXResourcesBuildPhase;
			buildActionMask = 2147483647;
			files = (
			);
			runOnlyForDeploymentPostprocessing = 0;
		};
/* End PBXResourcesBuildPhase section */

/* Begin PBXSourcesBuildPhase section */
		29CB69521C0643A300370DA0 /* Sources */ = {
			isa = PBXSourcesBuildPhase;
			buildActionMask = 2147483647;
			files = (
				29CB695C1C0643A300370DA0 /* ViewController.swift in Sources */,
				29CB695A1C0643A300370DA0 /* AppDelegate.swift in Sources */,
			);
			runOnlyForDeploymentPostprocessing = 0;
		};
		29CB69661C0643A300370DA0 /* Sources */ = {
			isa = PBXSourcesBuildPhase;
			buildActionMask = 2147483647;
			files = (
				29CB696F1C0643A300370DA0 /* FloatingMenuHeadsTests.swift in Sources */,
			);
			runOnlyForDeploymentPostprocessing = 0;
		};
/* End PBXSourcesBuildPhase section */

/* Begin PBXTargetDependency section */
		29CB696C1C0643A300370DA0 /* PBXTargetDependency */ = {
			isa = PBXTargetDependency;
			target = 29CB69551C0643A300370DA0 /* FloatingMenuHeads */;
			targetProxy = 29CB696B1C0643A300370DA0 /* PBXContainerItemProxy */;
		};
/* End PBXTargetDependency section */

/* Begin PBXVariantGroup section */
		29CB695D1C0643A300370DA0 /* Main.storyboard */ = {
			isa = PBXVariantGroup;
			children = (
				29CB695E1C0643A300370DA0 /* Base */,
			);
			name = Main.storyboard;
			sourceTree = "<group>";
		};
		29CB69621C0643A300370DA0 /* LaunchScreen.storyboard */ = {
			isa = PBXVariantGroup;
			children = (
				29CB69631C0643A300370DA0 /* Base */,
			);
			name = LaunchScreen.storyboard;
			sourceTree = "<group>";
		};
/* End PBXVariantGroup section */

/* Begin XCBuildConfiguration section */
		29CB69711C0643A300370DA0 /* Debug */ = {
			isa = XCBuildConfiguration;
			buildSettings = {
				ALWAYS_SEARCH_USER_PATHS = NO;
				CLANG_CXX_LANGUAGE_STANDARD = "gnu++0x";
				CLANG_CXX_LIBRARY = "libc++";
				CLANG_ENABLE_MODULES = YES;
				CLANG_ENABLE_OBJC_ARC = YES;
				CLANG_WARN_BOOL_CONVERSION = YES;
				CLANG_WARN_CONSTANT_CONVERSION = YES;
				CLANG_WARN_DIRECT_OBJC_ISA_USAGE = YES_ERROR;
				CLANG_WARN_EMPTY_BODY = YES;
				CLANG_WARN_ENUM_CONVERSION = YES;
				CLANG_WARN_INT_CONVERSION = YES;
				CLANG_WARN_OBJC_ROOT_CLASS = YES_ERROR;
				CLANG_WARN_UNREACHABLE_CODE = YES;
				CLANG_WARN__DUPLICATE_METHOD_MATCH = YES;
				"CODE_SIGN_IDENTITY[sdk=iphoneos*]" = "iPhone Developer";
				COPY_PHASE_STRIP = NO;
				DEBUG_INFORMATION_FORMAT = dwarf;
				ENABLE_STRICT_OBJC_MSGSEND = YES;
				ENABLE_TESTABILITY = YES;
				GCC_C_LANGUAGE_STANDARD = gnu99;
				GCC_DYNAMIC_NO_PIC = NO;
				GCC_NO_COMMON_BLOCKS = YES;
				GCC_OPTIMIZATION_LEVEL = 0;
				GCC_PREPROCESSOR_DEFINITIONS = (
					"DEBUG=1",
					"$(inherited)",
				);
				GCC_WARN_64_TO_32_BIT_CONVERSION = YES;
				GCC_WARN_ABOUT_RETURN_TYPE = YES_ERROR;
				GCC_WARN_UNDECLARED_SELECTOR = YES;
				GCC_WARN_UNINITIALIZED_AUTOS = YES_AGGRESSIVE;
				GCC_WARN_UNUSED_FUNCTION = YES;
				GCC_WARN_UNUSED_VARIABLE = YES;
				IPHONEOS_DEPLOYMENT_TARGET = 9.0;
				MTL_ENABLE_DEBUG_INFO = YES;
				ONLY_ACTIVE_ARCH = YES;
				SDKROOT = iphoneos;
				SWIFT_OPTIMIZATION_LEVEL = "-Onone";
			};
			name = Debug;
		};
		29CB69721C0643A300370DA0 /* Release */ = {
			isa = XCBuildConfiguration;
			buildSettings = {
				ALWAYS_SEARCH_USER_PATHS = NO;
				CLANG_CXX_LANGUAGE_STANDARD = "gnu++0x";
				CLANG_CXX_LIBRARY = "libc++";
				CLANG_ENABLE_MODULES = YES;
				CLANG_ENABLE_OBJC_ARC = YES;
				CLANG_WARN_BOOL_CONVERSION = YES;
				CLANG_WARN_CONSTANT_CONVERSION = YES;
				CLANG_WARN_DIRECT_OBJC_ISA_USAGE = YES_ERROR;
				CLANG_WARN_EMPTY_BODY = YES;
				CLANG_WARN_ENUM_CONVERSION = YES;
				CLANG_WARN_INT_CONVERSION = YES;
				CLANG_WARN_OBJC_ROOT_CLASS = YES_ERROR;
				CLANG_WARN_UNREACHABLE_CODE = YES;
				CLANG_WARN__DUPLICATE_METHOD_MATCH = YES;
				"CODE_SIGN_IDENTITY[sdk=iphoneos*]" = "iPhone Developer";
				COPY_PHASE_STRIP = NO;
				DEBUG_INFORMATION_FORMAT = "dwarf-with-dsym";
				ENABLE_NS_ASSERTIONS = NO;
				ENABLE_STRICT_OBJC_MSGSEND = YES;
				GCC_C_LANGUAGE_STANDARD = gnu99;
				GCC_NO_COMMON_BLOCKS = YES;
				GCC_WARN_64_TO_32_BIT_CONVERSION = YES;
				GCC_WARN_ABOUT_RETURN_TYPE = YES_ERROR;
				GCC_WARN_UNDECLARED_SELECTOR = YES;
				GCC_WARN_UNINITIALIZED_AUTOS = YES_AGGRESSIVE;
				GCC_WARN_UNUSED_FUNCTION = YES;
				GCC_WARN_UNUSED_VARIABLE = YES;
				IPHONEOS_DEPLOYMENT_TARGET = 9.0;
				MTL_ENABLE_DEBUG_INFO = NO;
				SDKROOT = iphoneos;
				VALIDATE_PRODUCT = YES;
			};
			name = Release;
		};
		29CB69741C0643A300370DA0 /* Debug */ = {
			isa = XCBuildConfiguration;
			buildSettings = {
				ASSETCATALOG_COMPILER_APPICON_NAME = AppIcon;
				INFOPLIST_FILE = FloatingMenuHeads/Info.plist;
				LD_RUNPATH_SEARCH_PATHS = "$(inherited) @executable_path/Frameworks";
				PRODUCT_BUNDLE_IDENTIFIER = com.srohani.FloatingMenuHeads;
				PRODUCT_NAME = "$(TARGET_NAME)";
			};
			name = Debug;
		};
		29CB69751C0643A300370DA0 /* Release */ = {
			isa = XCBuildConfiguration;
			buildSettings = {
				ASSETCATALOG_COMPILER_APPICON_NAME = AppIcon;
				INFOPLIST_FILE = FloatingMenuHeads/Info.plist;
				LD_RUNPATH_SEARCH_PATHS = "$(inherited) @executable_path/Frameworks";
				PRODUCT_BUNDLE_IDENTIFIER = com.srohani.FloatingMenuHeads;
				PRODUCT_NAME = "$(TARGET_NAME)";
			};
			name = Release;
		};
		29CB69771C0643A300370DA0 /* Debug */ = {
			isa = XCBuildConfiguration;
			buildSettings = {
				BUNDLE_LOADER = "$(TEST_HOST)";
				INFOPLIST_FILE = FloatingMenuHeadsTests/Info.plist;
				LD_RUNPATH_SEARCH_PATHS = "$(inherited) @executable_path/Frameworks @loader_path/Frameworks";
				PRODUCT_BUNDLE_IDENTIFIER = com.srohani.FloatingMenuHeadsTests;
				PRODUCT_NAME = "$(TARGET_NAME)";
				TEST_HOST = "$(BUILT_PRODUCTS_DIR)/FloatingMenuHeads.app/FloatingMenuHeads";
			};
			name = Debug;
		};
		29CB69781C0643A300370DA0 /* Release */ = {
			isa = XCBuildConfiguration;
			buildSettings = {
				BUNDLE_LOADER = "$(TEST_HOST)";
				INFOPLIST_FILE = FloatingMenuHeadsTests/Info.plist;
				LD_RUNPATH_SEARCH_PATHS = "$(inherited) @executable_path/Frameworks @loader_path/Frameworks";
				PRODUCT_BUNDLE_IDENTIFIER = com.srohani.FloatingMenuHeadsTests;
				PRODUCT_NAME = "$(TARGET_NAME)";
				TEST_HOST = "$(BUILT_PRODUCTS_DIR)/FloatingMenuHeads.app/FloatingMenuHeads";
			};
			name = Release;
		};
/* End XCBuildConfiguration section */

/* Begin XCConfigurationList section */
		29CB69511C0643A300370DA0 /* Build configuration list for PBXProject "FloatingMenuHeads" */ = {
			isa = XCConfigurationList;
			buildConfigurations = (
				29CB69711C0643A300370DA0 /* Debug */,
				29CB69721C0643A300370DA0 /* Release */,
			);
			defaultConfigurationIsVisible = 0;
			defaultConfigurationName = Release;
		};
		29CB69731C0643A300370DA0 /* Build configuration list for PBXNativeTarget "FloatingMenuHeads" */ = {
			isa = XCConfigurationList;
			buildConfigurations = (
				29CB69741C0643A300370DA0 /* Debug */,
				29CB69751C0643A300370DA0 /* Release */,
			);
			defaultConfigurationIsVisible = 0;
		};
		29CB69761C0643A300370DA0 /* Build configuration list for PBXNativeTarget "FloatingMenuHeadsTests" */ = {
			isa = XCConfigurationList;
			buildConfigurations = (
				29CB69771C0643A300370DA0 /* Debug */,
				29CB69781C0643A300370DA0 /* Release */,
			);
			defaultConfigurationIsVisible = 0;
		};
/* End XCConfigurationList section */
	};
	rootObject = 29CB694E1C0643A300370DA0 /* Project object */;
}
